
Microsoft Visual Studio Solution File, Format Version 12.00
# Visual Studio Version 17
VisualStudioVersion = 17.0.31903.59
MinimumVisualStudioVersion = 10.0.40219.1
Project("{FAE04EC0-301F-11D3-BF4B-00C04F79EFBC}") = "BankingOperation", "BankingOperation\BankingOperation.csproj", "{87ABFBE0-1AFD-4557-AC59-A893B37482FC}"
EndProject
Project("{FAE04EC0-301F-11D3-BF4B-00C04F79EFBC}") = "Tester", "Tester\Tester.csproj", "{FB80B73E-DA05-4058-8671-B8BC9095AA51}"
EndProject
Global
	GlobalSection(SolutionConfigurationPlatforms) = preSolution
		Debug|Any CPU = Debug|Any CPU
		Release|Any CPU = Release|Any CPU
	EndGlobalSection
	GlobalSection(SolutionProperties) = preSolution
		HideSolutionNode = FALSE
	EndGlobalSection
	GlobalSection(ProjectConfigurationPlatforms) = postSolution
		{87ABFBE0-1AFD-4557-AC59-A893B37482FC}.Debug|Any CPU.ActiveCfg = Debug|Any CPU
		{87ABFBE0-1AFD-4557-AC59-A893B37482FC}.Debug|Any CPU.Build.0 = Debug|Any CPU
		{87ABFBE0-1AFD-4557-AC59-A893B37482FC}.Release|Any CPU.ActiveCfg = Release|Any CPU
		{87ABFBE0-1AFD-4557-AC59-A893B37482FC}.Release|Any CPU.Build.0 = Release|Any CPU
		{FB80B73E-DA05-4058-8671-B8BC9095AA51}.Debug|Any CPU.ActiveCfg = Debug|Any CPU
		{FB80B73E-DA05-4058-8671-B8BC9095AA51}.Debug|Any CPU.Build.0 = Debug|Any CPU
		{FB80B73E-DA05-4058-8671-B8BC9095AA51}.Release|Any CPU.ActiveCfg = Release|Any CPU
		{FB80B73E-DA05-4058-8671-B8BC9095AA51}.Release|Any CPU.Build.0 = Release|Any CPU
	EndGlobalSection
EndGlobal
